
Microsoft Visual Studio Solution File, Format Version 12.00
# Visual Studio 15
VisualStudioVersion = 15.0.26730.10
MinimumVisualStudioVersion = 10.0.40219.1
Project("{FAE04EC0-301F-11D3-BF4B-00C04F79EFBC}") = "psCheckPoint", "psCheckPoint\psCheckPoint.csproj", "{4FF88B87-441A-4419-91C7-13041E60D0C0}"
EndProject
Project("{F5034706-568F-408A-B7B3-4D38C6DB8A32}") = "Examples", "Examples\Examples.pssproj", "{6CAFC0C6-A428-4D30-A9F9-700E829FEA51}"
EndProject
Global
	GlobalSection(SolutionConfigurationPlatforms) = preSolution
		Debug|Any CPU = Debug|Any CPU
		Release|Any CPU = Release|Any CPU
	EndGlobalSection
	GlobalSection(ProjectConfigurationPlatforms) = postSolution
		{4FF88B87-441A-4419-91C7-13041E60D0C0}.Debug|Any CPU.ActiveCfg = Debug|Any CPU
		{4FF88B87-441A-4419-91C7-13041E60D0C0}.Debug|Any CPU.Build.0 = Debug|Any CPU
		{4FF88B87-441A-4419-91C7-13041E60D0C0}.Release|Any CPU.ActiveCfg = Release|Any CPU
		{4FF88B87-441A-4419-91C7-13041E60D0C0}.Release|Any CPU.Build.0 = Release|Any CPU
		{6CAFC0C6-A428-4D30-A9F9-700E829FEA51}.Debug|Any CPU.ActiveCfg = Debug|Any CPU
		{6CAFC0C6-A428-4D30-A9F9-700E829FEA51}.Debug|Any CPU.Build.0 = Debug|Any CPU
		{6CAFC0C6-A428-4D30-A9F9-700E829FEA51}.Release|Any CPU.ActiveCfg = Release|Any CPU
		{6CAFC0C6-A428-4D30-A9F9-700E829FEA51}.Release|Any CPU.Build.0 = Release|Any CPU
	EndGlobalSection
	GlobalSection(SolutionProperties) = preSolution
		HideSolutionNode = FALSE
	EndGlobalSection
	GlobalSection(ExtensibilityGlobals) = postSolution
		SolutionGuid = {CAE61A52-BC45-4E37-9ECA-2E301855288B}
	EndGlobalSection
EndGlobal
